
Microsoft Visual Studio Solution File, Format Version 12.00
# Visual Studio Version 16
VisualStudioVersion = 16.0.30717.126
MinimumVisualStudioVersion = 10.0.40219.1
Project("{FAE04EC0-301F-11D3-BF4B-00C04F79EFBC}") = "VMRI", "VMRI.csproj", "{AF83708A-5BBF-47DA-BF9B-91EDBCE07C28}"
EndProject
Global
	GlobalSection(SolutionConfigurationPlatforms) = preSolution
		Debug|Any CPU = Debug|Any CPU
		Release|Any CPU = Release|Any CPU
	EndGlobalSection
	GlobalSection(ProjectConfigurationPlatforms) = postSolution
		{AF83708A-5BBF-47DA-BF9B-91EDBCE07C28}.Debug|Any CPU.ActiveCfg = Debug|Any CPU
		{AF83708A-5BBF-47DA-BF9B-91EDBCE07C28}.Debug|Any CPU.Build.0 = Debug|Any CPU
		{AF83708A-5BBF-47DA-BF9B-91EDBCE07C28}.Release|Any CPU.ActiveCfg = Release|Any CPU
		{AF83708A-5BBF-47DA-BF9B-91EDBCE07C28}.Release|Any CPU.Build.0 = Release|Any CPU
	EndGlobalSection
	GlobalSection(SolutionProperties) = preSolution
		HideSolutionNode = FALSE
	EndGlobalSection
	GlobalSection(ExtensibilityGlobals) = postSolution
		SolutionGuid = {C7E1FA1E-3B8D-4EB4-ABD3-1D172EE7E2BA}
	EndGlobalSection
EndGlobal
